// !$*UTF8*$!
{
	archiveVersion = 1;
	classes = {
	};
	objectVersion = 46;
	objects = {

/* Begin PBXBuildFile section */
		C7E208AB1D62C51800CE0671 /* main.m in Sources */ = {isa = PBXBuildFile; fileRef = C7E208AA1D62C51800CE0671 /* main.m */; };
		C7E208AE1D62C51800CE0671 /* AppDelegate.m in Sources */ = {isa = PBXBuildFile; fileRef = C7E208AD1D62C51800CE0671 /* AppDelegate.m */; };
		C7E208B11D62C51800CE0671 /* ViewController.m in Sources */ = {isa = PBXBuildFile; fileRef = C7E208B01D62C51800CE0671 /* ViewController.m */; };
		C7E208B41D62C51800CE0671 /* Main.storyboard in Resources */ = {isa = PBXBuildFile; fileRef = C7E208B21D62C51800CE0671 /* Main.storyboard */; };
		C7E208B61D62C51800CE0671 /* Assets.xcassets in Resources */ = {isa = PBXBuildFile; fileRef = C7E208B51D62C51800CE0671 /* Assets.xcassets */; };
		C7E208B91D62C51800CE0671 /* LaunchScreen.storyboard in Resources */ = {isa = PBXBuildFile; fileRef = C7E208B71D62C51800CE0671 /* LaunchScreen.storyboard */; };
/* End PBXBuildFile section */

/* Begin PBXFileReference section */
		C7E208A61D62C51800CE0671 /* Day01_GitHubDemo.app */ = {isa = PBXFileReference; explicitFileType = wrapper.application; includeInIndex = 0; path = Day01_GitHubDemo.app; sourceTree = BUILT_PRODUCTS_DIR; };
		C7E208AA1D62C51800CE0671 /* main.m */ = {isa = PBXFileReference; lastKnownFileType = sourcecode.c.objc; path = main.m; sourceTree = "<group>"; };
		C7E208AC1D62C51800CE0671 /* AppDelegate.h */ = {isa = PBXFileReference; lastKnownFileType = sourcecode.c.h; path = AppDelegate.h; sourceTree = "<group>"; };
		C7E208AD1D62C51800CE0671 /* AppDelegate.m */ = {isa = PBXFileReference; lastKnownFileType = sourcecode.c.objc; path = AppDelegate.m; sourceTree = "<group>"; };
		C7E208AF1D62C51800CE0671 /* ViewController.h */ = {isa = PBXFileReference; lastKnownFileType = sourcecode.c.h; path = ViewController.h; sourceTree = "<group>"; };
		C7E208B01D62C51800CE0671 /* ViewController.m */ = {isa = PBXFileReference; lastKnownFileType = sourcecode.c.objc; path = ViewController.m; sourceTree = "<group>"; };
		C7E208B31D62C51800CE0671 /* Base */ = {isa = PBXFileReference; lastKnownFileType = file.storyboard; name = Base; path = Base.lproj/Main.storyboard; sourceTree = "<group>"; };
		C7E208B51D62C51800CE0671 /* Assets.xcassets */ = {isa = PBXFileReference; lastKnownFileType = folder.assetcatalog; path = Assets.xcassets; sourceTree = "<group>"; };
		C7E208B81D62C51800CE0671 /* Base */ = {isa = PBXFileReference; lastKnownFileType = file.storyboard; name = Base; path = Base.lproj/LaunchScreen.storyboard; sourceTree = "<group>"; };
		C7E208BA1D62C51800CE0671 /* Info.plist */ = {isa = PBXFileReference; lastKnownFileType = text.plist.xml; path = Info.plist; sourceTree = "<group>"; };
/* End PBXFileReference section */

/* Begin PBXFrameworksBuildPhase section */
		C7E208A31D62C51800CE0671 /* Frameworks */ = {
			isa = PBXFrameworksBuildPhase;
			buildActionMask = 2147483647;
			files = (
			);
			runOnlyForDeploymentPostprocessing = 0;
		};
/* End PBXFrameworksBuildPhase section */

/* Begin PBXGroup section */
		C7E2089D1D62C51800CE0671 = {
			isa = PBXGroup;
			children = (
				C7E208A81D62C51800CE0671 /* Day01_GitHubDemo */,
				C7E208A71D62C51800CE0671 /* Products */,
			);
			sourceTree = "<group>";
		};
		C7E208A71D62C51800CE0671 /* Products */ = {
			isa = PBXGroup;
			children = (
				C7E208A61D62C51800CE0671 /* Day01_GitHubDemo.app */,
			);
			name = Products;
			sourceTree = "<group>";
		};
		C7E208A81D62C51800CE0671 /* Day01_GitHubDemo */ = {
			isa = PBXGroup;
			children = (
				C7E208AC1D62C51800CE0671 /* AppDelegate.h */,
				C7E208AD1D62C51800CE0671 /* AppDelegate.m */,
				C7E208AF1D62C51800CE0671 /* ViewController.h */,
				C7E208B01D62C51800CE0671 /* ViewController.m */,
				C7E208B21D62C51800CE0671 /* Main.storyboard */,
				C7E208B51D62C51800CE0671 /* Assets.xcassets */,
				C7E208B71D62C51800CE0671 /* LaunchScreen.storyboard */,
				C7E208BA1D62C51800CE0671 /* Info.plist */,
				C7E208A91D62C51800CE0671 /* Supporting Files */,
			);
			path = Day01_GitHubDemo;
			sourceTree = "<group>";
		};
		C7E208A91D62C51800CE0671 /* Supporting Files */ = {
			isa = PBXGroup;
			children = (
				C7E208AA1D62C51800CE0671 /* main.m */,
			);
			name = "Supporting Files";
			sourceTree = "<group>";
		};
/* End PBXGroup section */

/* Begin PBXNativeTarget section */
		C7E208A51D62C51800CE0671 /* Day01_GitHubDemo */ = {
			isa = PBXNativeTarget;
			buildConfigurationList = C7E208BD1D62C51800CE0671 /* Build configuration list for PBXNativeTarget "Day01_GitHubDemo" */;
			buildPhases = (
				C7E208A21D62C51800CE0671 /* Sources */,
				C7E208A31D62C51800CE0671 /* Frameworks */,
				C7E208A41D62C51800CE0671 /* Resources */,
			);
			buildRules = (
			);
			dependencies = (
			);
			name = Day01_GitHubDemo;
			productName = Day01_GitHubDemo;
			productReference = C7E208A61D62C51800CE0671 /* Day01_GitHubDemo.app */;
			productType = "com.apple.product-type.application";
		};
/* End PBXNativeTarget section */

/* Begin PBXProject section */
		C7E2089E1D62C51800CE0671 /* Project object */ = {
			isa = PBXProject;
			attributes = {
				LastUpgradeCheck = 0710;
				ORGANIZATIONNAME = tarena;
				TargetAttributes = {
					C7E208A51D62C51800CE0671 = {
						CreatedOnToolsVersion = 7.1;
						DevelopmentTeam = VCH7824EN3;
					};
				};
			};
			buildConfigurationList = C7E208A11D62C51800CE0671 /* Build configuration list for PBXProject "Day01_GitHubDemo" */;
			compatibilityVersion = "Xcode 3.2";
			developmentRegion = English;
			hasScannedForEncodings = 0;
			knownRegions = (
				en,
				Base,
			);
			mainGroup = C7E2089D1D62C51800CE0671;
			productRefGroup = C7E208A71D62C51800CE0671 /* Products */;
			projectDirPath = "";
			projectRoot = "";
			targets = (
				C7E208A51D62C51800CE0671 /* Day01_GitHubDemo */,
			);
		};
/* End PBXProject section */

/* Begin PBXResourcesBuildPhase section */
		C7E208A41D62C51800CE0671 /* Resources */ = {
			isa = PBXResourcesBuildPhase;
			buildActionMask = 2147483647;
			files = (
				C7E208B91D62C51800CE0671 /* LaunchScreen.storyboard in Resources */,
				C7E208B61D62C51800CE0671 /* Assets.xcassets in Resources */,
				C7E208B41D62C51800CE0671 /* Main.storyboard in Resources */,
			);
			runOnlyForDeploymentPostprocessing = 0;
		};
/* End PBXResourcesBuildPhase section */

/* Begin PBXSourcesBuildPhase section */
		C7E208A21D62C51800CE0671 /* Sources */ = {
			isa = PBXSourcesBuildPhase;
			buildActionMask = 2147483647;
			files = (
				C7E208B11D62C51800CE0671 /* ViewController.m in Sources */,
				C7E208AE1D62C51800CE0671 /* AppDelegate.m in Sources */,
				C7E208AB1D62C51800CE0671 /* main.m in Sources */,
			);
			runOnlyForDeploymentPostprocessing = 0;
		};
/* End PBXSourcesBuildPhase section */

/* Begin PBXVariantGroup section */
		C7E208B21D62C51800CE0671 /* Main.storyboard */ = {
			isa = PBXVariantGroup;
			children = (
				C7E208B31D62C51800CE0671 /* Base */,
			);
			name = Main.storyboard;
			sourceTree = "<group>";
		};
		C7E208B71D62C51800CE0671 /* LaunchScreen.storyboard */ = {
			isa = PBXVariantGroup;
			children = (
				C7E208B81D62C51800CE0671 /* Base */,
			);
			name = LaunchScreen.storyboard;
			sourceTree = "<group>";
		};
/* End PBXVariantGroup section */

/* Begin XCBuildConfiguration section */
		C7E208BB1D62C51800CE0671 /* Debug */ = {
			isa = XCBuildConfiguration;
			buildSettings = {
				ALWAYS_SEARCH_USER_PATHS = NO;
				CLANG_CXX_LANGUAGE_STANDARD = "gnu++0x";
				CLANG_CXX_LIBRARY = "libc++";
				CLANG_ENABLE_MODULES = YES;
				CLANG_ENABLE_OBJC_ARC = YES;
				CLANG_WARN_BOOL_CONVERSION = YES;
				CLANG_WARN_CONSTANT_CONVERSION = YES;
				CLANG_WARN_DIRECT_OBJC_ISA_USAGE = YES_ERROR;
				CLANG_WARN_EMPTY_BODY = YES;
				CLANG_WARN_ENUM_CONVERSION = YES;
				CLANG_WARN_INT_CONVERSION = YES;
				CLANG_WARN_OBJC_ROOT_CLASS = YES_ERROR;
				CLANG_WARN_UNREACHABLE_CODE = YES;
				CLANG_WARN__DUPLICATE_METHOD_MATCH = YES;
				"CODE_SIGN_IDENTITY[sdk=iphoneos*]" = "iPhone Developer";
				COPY_PHASE_STRIP = NO;
				DEBUG_INFORMATION_FORMAT = dwarf;
				ENABLE_STRICT_OBJC_MSGSEND = YES;
				ENABLE_TESTABILITY = YES;
				GCC_C_LANGUAGE_STANDARD = gnu99;
				GCC_DYNAMIC_NO_PIC = NO;
				GCC_NO_COMMON_BLOCKS = YES;
				GCC_OPTIMIZATION_LEVEL = 0;
				GCC_PREPROCESSOR_DEFINITIONS = (
					"DEBUG=1",
					"$(inherited)",
				);
				GCC_WARN_64_TO_32_BIT_CONVERSION = YES;
				GCC_WARN_ABOUT_RETURN_TYPE = YES_ERROR;
				GCC_WARN_UNDECLARED_SELECTOR = YES;
				GCC_WARN_UNINITIALIZED_AUTOS = YES_AGGRESSIVE;
				GCC_WARN_UNUSED_FUNCTION = YES;
				GCC_WARN_UNUSED_VARIABLE = YES;
				IPHONEOS_DEPLOYMENT_TARGET = 9.1;
				MTL_ENABLE_DEBUG_INFO = YES;
				ONLY_ACTIVE_ARCH = YES;
				SDKROOT = iphoneos;
			};
			name = Debug;
		};
		C7E208BC1D62C51800CE0671 /* Release */ = {
			isa = XCBuildConfiguration;
			buildSettings = {
				ALWAYS_SEARCH_USER_PATHS = NO;
				CLANG_CXX_LANGUAGE_STANDARD = "gnu++0x";
				CLANG_CXX_LIBRARY = "libc++";
				CLANG_ENABLE_MODULES = YES;
				CLANG_ENABLE_OBJC_ARC = YES;
				CLANG_WARN_BOOL_CONVERSION = YES;
				CLANG_WARN_CONSTANT_CONVERSION = YES;
				CLANG_WARN_DIRECT_OBJC_ISA_USAGE = YES_ERROR;
				CLANG_WARN_EMPTY_BODY = YES;
				CLANG_WARN_ENUM_CONVERSION = YES;
				CLANG_WARN_INT_CONVERSION = YES;
				CLANG_WARN_OBJC_ROOT_CLASS = YES_ERROR;
				CLANG_WARN_UNREACHABLE_CODE = YES;
				CLANG_WARN__DUPLICATE_METHOD_MATCH = YES;
				"CODE_SIGN_IDENTITY[sdk=iphoneos*]" = "iPhone Developer";
				COPY_PHASE_STRIP = NO;
				DEBUG_INFORMATION_FORMAT = "dwarf-with-dsym";
				ENABLE_NS_ASSERTIONS = NO;
				ENABLE_STRICT_OBJC_MSGSEND = YES;
				GCC_C_LANGUAGE_STANDARD = gnu99;
				GCC_NO_COMMON_BLOCKS = YES;
				GCC_WARN_64_TO_32_BIT_CONVERSION = YES;
				GCC_WARN_ABOUT_RETURN_TYPE = YES_ERROR;
				GCC_WARN_UNDECLARED_SELECTOR = YES;
				GCC_WARN_UNINITIALIZED_AUTOS = YES_AGGRESSIVE;
				GCC_WARN_UNUSED_FUNCTION = YES;
				GCC_WARN_UNUSED_VARIABLE = YES;
				IPHONEOS_DEPLOYMENT_TARGET = 9.1;
				MTL_ENABLE_DEBUG_INFO = NO;
				SDKROOT = iphoneos;
				VALIDATE_PRODUCT = YES;
			};
			name = Release;
		};
		C7E208BE1D62C51800CE0671 /* Debug */ = {
			isa = XCBuildConfiguration;
			buildSettings = {
				ASSETCATALOG_COMPILER_APPICON_NAME = AppIcon;
				INFOPLIST_FILE = Day01_GitHubDemo/Info.plist;
				LD_RUNPATH_SEARCH_PATHS = "$(inherited) @executable_path/Frameworks";
				PRODUCT_BUNDLE_IDENTIFIER = "cn.com.tarena.Day01-GitHubDemo";
				PRODUCT_NAME = "$(TARGET_NAME)";
			};
			name = Debug;
		};
		C7E208BF1D62C51800CE0671 /* Release */ = {
			isa = XCBuildConfiguration;
			buildSettings = {
				ASSETCATALOG_COMPILER_APPICON_NAME = AppIcon;
				INFOPLIST_FILE = Day01_GitHubDemo/Info.plist;
				LD_RUNPATH_SEARCH_PATHS = "$(inherited) @executable_path/Frameworks";
				PRODUCT_BUNDLE_IDENTIFIER = "cn.com.tarena.Day01-GitHubDemo";
				PRODUCT_NAME = "$(TARGET_NAME)";
			};
			name = Release;
		};
/* End XCBuildConfiguration section */

/* Begin XCConfigurationList section */
		C7E208A11D62C51800CE0671 /* Build configuration list for PBXProject "Day01_GitHubDemo" */ = {
			isa = XCConfigurationList;
			buildConfigurations = (
				C7E208BB1D62C51800CE0671 /* Debug */,
				C7E208BC1D62C51800CE0671 /* Release */,
			);
			defaultConfigurationIsVisible = 0;
			defaultConfigurationName = Release;
		};
		C7E208BD1D62C51800CE0671 /* Build configuration list for PBXNativeTarget "Day01_GitHubDemo" */ = {
			isa = XCConfigurationList;
			buildConfigurations = (
				C7E208BE1D62C51800CE0671 /* Debug */,
				C7E208BF1D62C51800CE0671 /* Release */,
			);
			defaultConfigurationIsVisible = 0;
		};
/* End XCConfigurationList section */
	};
	rootObject = C7E2089E1D62C51800CE0671 /* Project object */;
}
